<?xml version="1.0" encoding="utf-8"?>
<Project ToolsVersion="4.0" xmlns="http://schemas.microsoft.com/developer/msbuild/2003">
  <ItemGroup>
    <Filter Include="源文件">
      <UniqueIdentifier>{4FC737F1-C7A5-4376-A066-2A32D752A2FF}</UniqueIdentifier>
      <Extensions>cpp;c;cc;cxx;def;odl;idl;hpj;bat;asm;asmx</Extensions>
    </Filter>
    <Filter Include="头文件">
      <UniqueIdentifier>{93995380-89BD-4b04-88EB-625FBE52EBFB}</UniqueIdentifier>
      <Extensions>h;hpp;hxx;hm;inl;inc;xsd</Extensions>
    </Filter>
    <Filter Include="资源文件">
      <UniqueIdentifier>{67DA6AB6-F800-4c08-8B7A-83BB121AAD01}</UniqueIdentifier>
      <Extensions>rc;ico;cur;bmp;dlg;rc2;rct;bin;rgs;gif;jpg;jpeg;jpe;resx;tiff;tif;png;wav;mfcribbon-ms</Extensions>
    </Filter>
  </ItemGroup>
  <ItemGroup>
    <ClCompile Include="main.cpp">
      <Filter>源文件</Filter>
    </ClCompile>
    <ClCompile Include="GameObject.cpp">
      <Filter>源文件</Filter>
    </ClCompile>
    <ClCompile Include="Action.cpp">
      <Filter>源文件</Filter>
    </ClCompile>
    <ClCompile Include="ImageObject.cpp">
      <Filter>源文件</Filter>
    </ClCompile>
    <ClCompile Include="Enemy.cpp">
      <Filter>源文件</Filter>
    </ClCompile>
    <ClCompile Include="Hero.cpp">
      <Filter>源文件</Filter>
    </ClCompile>
    <ClCompile Include="SKILL.cpp">
      <Filter>源文件</Filter>
    </ClCompile>
    <ClCompile Include="VirtualObject.cpp">
      <Filter>源文件</Filter>
    </ClCompile>
    <ClCompile Include="ObjectPool.cpp">
      <Filter>源文件</Filter>
    </ClCompile>
    <ClCompile Include="RenderPool.cpp">
      <Filter>源文件</Filter>
    </ClCompile>
    <ClCompile Include="GfxFont.cpp">
      <Filter>源文件</Filter>
    </ClCompile>
    <ClCompile Include="VirtualSkill.cpp">
      <Filter>源文件</Filter>
    </ClCompile>
    <ClCompile Include="AnimObject.cpp">
      <Filter>源文件</Filter>
    </ClCompile>
    <ClCompile Include="DMGFont.cpp">
      <Filter>源文件</Filter>
    </ClCompile>
    <ClCompile Include="FontPool.cpp">
      <Filter>源文件</Filter>
    </ClCompile>
    <ClCompile Include="Bar.cpp">
      <Filter>源文件</Filter>
    </ClCompile>
    <ClCompile Include="Range.cpp">
      <Filter>源文件</Filter>
    </ClCompile>
    <ClCompile Include="Bullet.cpp">
      <Filter>源文件</Filter>
    </ClCompile>
    <ClCompile Include="BOSS.cpp">
      <Filter>源文件</Filter>
    </ClCompile>
    <ClCompile Include="Item.cpp">
      <Filter>源文件</Filter>
    </ClCompile>
    <ClCompile Include="SceneManager.cpp">
      <Filter>源文件</Filter>
    </ClCompile>
    <ClCompile Include="SKILLToken.cpp">
      <Filter>源文件</Filter>
    </ClCompile>
    <ClCompile Include="Skills.cpp">
      <Filter>源文件</Filter>
    </ClCompile>
    <ClCompile Include="Button.cpp">
      <Filter>源文件</Filter>
    </ClCompile>
    <ClCompile Include="Shield.cpp">
      <Filter>源文件</Filter>
    </ClCompile>
    <ClCompile Include="FloatingObject.cpp">
      <Filter>源文件</Filter>
    </ClCompile>
    <ClCompile Include="SFXManager.cpp">
      <Filter>源文件</Filter>
    </ClCompile>
    <ClCompile Include="SFXObject.cpp">
      <Filter>源文件</Filter>
    </ClCompile>
    <ClCompile Include="Mask.cpp">
      <Filter>源文件</Filter>
    </ClCompile>
    <ClCompile Include="ZoomObject.cpp">
      <Filter>源文件</Filter>
    </ClCompile>
    <ClCompile Include="Mine.cpp">
      <Filter>源文件</Filter>
    </ClCompile>
    <ClCompile Include="ItemEnemy.cpp">
      <Filter>源文件</Filter>
    </ClCompile>
    <ClCompile Include="EXPUnit.cpp">
      <Filter>源文件</Filter>
    </ClCompile>
    <ClCompile Include="NoticeUnit.cpp">
      <Filter>源文件</Filter>
    </ClCompile>
    <ClCompile Include="NoticeManager.cpp">
      <Filter>源文件</Filter>
    </ClCompile>
    <ClCompile Include="BuffManager.cpp">
      <Filter>源文件</Filter>
    </ClCompile>
    <ClCompile Include="BlackHole.cpp">
      <Filter>源文件</Filter>
    </ClCompile>
    <ClCompile Include="MPUnit.cpp">
      <Filter>源文件</Filter>
    </ClCompile>
  </ItemGroup>
  <ItemGroup>
    <ClInclude Include="main.h">
      <Filter>头文件</Filter>
    </ClInclude>
    <ClInclude Include="GameObject.h">
      <Filter>头文件</Filter>
    </ClInclude>
    <ClInclude Include="ImageObject.h">
      <Filter>头文件</Filter>
    </ClInclude>
    <ClInclude Include="Enemy.h">
      <Filter>头文件</Filter>
    </ClInclude>
    <ClInclude Include="Hero.h">
      <Filter>头文件</Filter>
    </ClInclude>
    <ClInclude Include="SKILL.h">
      <Filter>头文件</Filter>
    </ClInclude>
    <ClInclude Include="VirtualObject.h">
      <Filter>头文件</Filter>
    </ClInclude>
    <ClInclude Include="ObjectPool.h">
      <Filter>头文件</Filter>
    </ClInclude>
    <ClInclude Include="RenderPool.h">
      <Filter>头文件</Filter>
    </ClInclude>
    <ClInclude Include="GfxFont.h">
      <Filter>头文件</Filter>
    </ClInclude>
    <ClInclude Include="VirtualSkill.h">
      <Filter>头文件</Filter>
    </ClInclude>
    <ClInclude Include="AnimObject.h">
      <Filter>头文件</Filter>
    </ClInclude>
    <ClInclude Include="DMGFont.h">
      <Filter>头文件</Filter>
    </ClInclude>
    <ClInclude Include="FontPool.h">
      <Filter>头文件</Filter>
    </ClInclude>
    <ClInclude Include="Bar.h">
      <Filter>头文件</Filter>
    </ClInclude>
    <ClInclude Include="Range.h">
      <Filter>头文件</Filter>
    </ClInclude>
    <ClInclude Include="Bullet.h">
      <Filter>头文件</Filter>
    </ClInclude>
    <ClInclude Include="BOSS.h">
      <Filter>头文件</Filter>
    </ClInclude>
    <ClInclude Include="Item.h">
      <Filter>头文件</Filter>
    </ClInclude>
    <ClInclude Include="SceneManager.h">
      <Filter>头文件</Filter>
    </ClInclude>
    <ClInclude Include="SKILLToken.h">
      <Filter>头文件</Filter>
    </ClInclude>
    <ClInclude Include="Skills.h">
      <Filter>头文件</Filter>
    </ClInclude>
    <ClInclude Include="Button.h">
      <Filter>头文件</Filter>
    </ClInclude>
    <ClInclude Include="Shield.h">
      <Filter>头文件</Filter>
    </ClInclude>
    <ClInclude Include="FloatingObject.h">
      <Filter>头文件</Filter>
    </ClInclude>
    <ClInclude Include="SFXManager.h">
      <Filter>头文件</Filter>
    </ClInclude>
    <ClInclude Include="SFXObject.h">
      <Filter>头文件</Filter>
    </ClInclude>
    <ClInclude Include="Mask.h">
      <Filter>头文件</Filter>
    </ClInclude>
    <ClInclude Include="ZoomObject.h">
      <Filter>头文件</Filter>
    </ClInclude>
    <ClInclude Include="Mine.h">
      <Filter>头文件</Filter>
    </ClInclude>
    <ClInclude Include="ItemEnemy.h">
      <Filter>头文件</Filter>
    </ClInclude>
    <ClInclude Include="EXPUnit.h">
      <Filter>头文件</Filter>
    </ClInclude>
    <ClInclude Include="NoticeUnit.h">
      <Filter>头文件</Filter>
    </ClInclude>
    <ClInclude Include="NoticeManager.h">
      <Filter>头文件</Filter>
    </ClInclude>
    <ClInclude Include="BuffManager.h">
      <Filter>头文件</Filter>
    </ClInclude>
    <ClInclude Include="BlackHole.h">
      <Filter>头文件</Filter>
    </ClInclude>
    <ClInclude Include="MPUnit.h">
      <Filter>头文件</Filter>
    </ClInclude>
  </ItemGroup>
</Project>